
Microsoft Visual Studio Solution File, Format Version 12.00
# Visual Studio Version 16
VisualStudioVersion = 16.0.30406.217
MinimumVisualStudioVersion = 10.0.40219.1
Project("{FAE04EC0-301F-11D3-BF4B-00C04F79EFBC}") = "AulaHeranca", "AulaHeranca\AulaHeranca.csproj", "{46B1B580-A013-46A4-8EF3-8F1B04AFC513}"
EndProject
Global
	GlobalSection(SolutionConfigurationPlatforms) = preSolution
		Debug|Any CPU = Debug|Any CPU
		Release|Any CPU = Release|Any CPU
	EndGlobalSection
	GlobalSection(ProjectConfigurationPlatforms) = postSolution
		{46B1B580-A013-46A4-8EF3-8F1B04AFC513}.Debug|Any CPU.ActiveCfg = Debug|Any CPU
		{46B1B580-A013-46A4-8EF3-8F1B04AFC513}.Debug|Any CPU.Build.0 = Debug|Any CPU
		{46B1B580-A013-46A4-8EF3-8F1B04AFC513}.Release|Any CPU.ActiveCfg = Release|Any CPU
		{46B1B580-A013-46A4-8EF3-8F1B04AFC513}.Release|Any CPU.Build.0 = Release|Any CPU
	EndGlobalSection
	GlobalSection(SolutionProperties) = preSolution
		HideSolutionNode = FALSE
	EndGlobalSection
	GlobalSection(ExtensibilityGlobals) = postSolution
		SolutionGuid = {B2A4560D-D250-4FD1-A1A6-B9EF2E0CE37B}
	EndGlobalSection
EndGlobal
